// !$*UTF8*$!
{
	archiveVersion = 1;
	classes = {
	};
	objectVersion = 56;
	objects = {

/* Begin PBXBuildFile section */
		9AAF395F29DF0B76007D86EF /* snaplog_mobileApp.swift in Sources */ = {isa = PBXBuildFile; fileRef = 9AAF395E29DF0B76007D86EF /* snaplog_mobileApp.swift */; };
		9AAF396129DF0B76007D86EF /* ContentView.swift in Sources */ = {isa = PBXBuildFile; fileRef = 9AAF396029DF0B76007D86EF /* ContentView.swift */; };
		9AAF396329DF0B78007D86EF /* Assets.xcassets in Resources */ = {isa = PBXBuildFile; fileRef = 9AAF396229DF0B78007D86EF /* Assets.xcassets */; };
		9AAF396629DF0B78007D86EF /* Preview Assets.xcassets in Resources */ = {isa = PBXBuildFile; fileRef = 9AAF396529DF0B78007D86EF /* Preview Assets.xcassets */; };
		9AAF396829DF0B78007D86EF /* Persistence.swift in Sources */ = {isa = PBXBuildFile; fileRef = 9AAF396729DF0B78007D86EF /* Persistence.swift */; };
		9AAF396B29DF0B78007D86EF /* snaplog_mobile.xcdatamodeld in Sources */ = {isa = PBXBuildFile; fileRef = 9AAF396929DF0B78007D86EF /* snaplog_mobile.xcdatamodeld */; };
		9AAF397629DF0B78007D86EF /* snaplog_mobileTests.swift in Sources */ = {isa = PBXBuildFile; fileRef = 9AAF397529DF0B78007D86EF /* snaplog_mobileTests.swift */; };
		9AAF398029DF0B78007D86EF /* snaplog_mobileUITests.swift in Sources */ = {isa = PBXBuildFile; fileRef = 9AAF397F29DF0B78007D86EF /* snaplog_mobileUITests.swift */; };
		9AAF398229DF0B78007D86EF /* snaplog_mobileUITestsLaunchTests.swift in Sources */ = {isa = PBXBuildFile; fileRef = 9AAF398129DF0B78007D86EF /* snaplog_mobileUITestsLaunchTests.swift */; };
/* End PBXBuildFile section */

/* Begin PBXContainerItemProxy section */
		9AAF397229DF0B78007D86EF /* PBXContainerItemProxy */ = {
			isa = PBXContainerItemProxy;
			containerPortal = 9AAF395329DF0B76007D86EF /* Project object */;
			proxyType = 1;
			remoteGlobalIDString = 9AAF395A29DF0B76007D86EF;
			remoteInfo = "snaplog-mobile";
		};
		9AAF397C29DF0B78007D86EF /* PBXContainerItemProxy */ = {
			isa = PBXContainerItemProxy;
			containerPortal = 9AAF395329DF0B76007D86EF /* Project object */;
			proxyType = 1;
			remoteGlobalIDString = 9AAF395A29DF0B76007D86EF;
			remoteInfo = "snaplog-mobile";
		};
/* End PBXContainerItemProxy section */

/* Begin PBXFileReference section */
		9AAF395B29DF0B76007D86EF /* snaplog-mobile.app */ = {isa = PBXFileReference; explicitFileType = wrapper.application; includeInIndex = 0; path = "snaplog-mobile.app"; sourceTree = BUILT_PRODUCTS_DIR; };
		9AAF395E29DF0B76007D86EF /* snaplog_mobileApp.swift */ = {isa = PBXFileReference; lastKnownFileType = sourcecode.swift; path = snaplog_mobileApp.swift; sourceTree = "<group>"; };
		9AAF396029DF0B76007D86EF /* ContentView.swift */ = {isa = PBXFileReference; lastKnownFileType = sourcecode.swift; path = ContentView.swift; sourceTree = "<group>"; };
		9AAF396229DF0B78007D86EF /* Assets.xcassets */ = {isa = PBXFileReference; lastKnownFileType = folder.assetcatalog; path = Assets.xcassets; sourceTree = "<group>"; };
		9AAF396529DF0B78007D86EF /* Preview Assets.xcassets */ = {isa = PBXFileReference; lastKnownFileType = folder.assetcatalog; path = "Preview Assets.xcassets"; sourceTree = "<group>"; };
		9AAF396729DF0B78007D86EF /* Persistence.swift */ = {isa = PBXFileReference; lastKnownFileType = sourcecode.swift; path = Persistence.swift; sourceTree = "<group>"; };
		9AAF396A29DF0B78007D86EF /* snaplog_mobile.xcdatamodel */ = {isa = PBXFileReference; lastKnownFileType = wrapper.xcdatamodel; path = snaplog_mobile.xcdatamodel; sourceTree = "<group>"; };
		9AAF396C29DF0B78007D86EF /* Info.plist */ = {isa = PBXFileReference; lastKnownFileType = text.plist.xml; path = Info.plist; sourceTree = "<group>"; };
		9AAF397129DF0B78007D86EF /* snaplog-mobileTests.xctest */ = {isa = PBXFileReference; explicitFileType = wrapper.cfbundle; includeInIndex = 0; path = "snaplog-mobileTests.xctest"; sourceTree = BUILT_PRODUCTS_DIR; };
		9AAF397529DF0B78007D86EF /* snaplog_mobileTests.swift */ = {isa = PBXFileReference; lastKnownFileType = sourcecode.swift; path = snaplog_mobileTests.swift; sourceTree = "<group>"; };
		9AAF397B29DF0B78007D86EF /* snaplog-mobileUITests.xctest */ = {isa = PBXFileReference; explicitFileType = wrapper.cfbundle; includeInIndex = 0; path = "snaplog-mobileUITests.xctest"; sourceTree = BUILT_PRODUCTS_DIR; };
		9AAF397F29DF0B78007D86EF /* snaplog_mobileUITests.swift */ = {isa = PBXFileReference; lastKnownFileType = sourcecode.swift; path = snaplog_mobileUITests.swift; sourceTree = "<group>"; };
		9AAF398129DF0B78007D86EF /* snaplog_mobileUITestsLaunchTests.swift */ = {isa = PBXFileReference; lastKnownFileType = sourcecode.swift; path = snaplog_mobileUITestsLaunchTests.swift; sourceTree = "<group>"; };
/* End PBXFileReference section */

/* Begin PBXFrameworksBuildPhase section */
		9AAF395829DF0B76007D86EF /* Frameworks */ = {
			isa = PBXFrameworksBuildPhase;
			buildActionMask = 2147483647;
			files = (
			);
			runOnlyForDeploymentPostprocessing = 0;
		};
		9AAF396E29DF0B78007D86EF /* Frameworks */ = {
			isa = PBXFrameworksBuildPhase;
			buildActionMask = 2147483647;
			files = (
			);
			runOnlyForDeploymentPostprocessing = 0;
		};
		9AAF397829DF0B78007D86EF /* Frameworks */ = {
			isa = PBXFrameworksBuildPhase;
			buildActionMask = 2147483647;
			files = (
			);
			runOnlyForDeploymentPostprocessing = 0;
		};
/* End PBXFrameworksBuildPhase section */

/* Begin PBXGroup section */
		9AAF395229DF0B76007D86EF = {
			isa = PBXGroup;
			children = (
				9AAF395D29DF0B76007D86EF /* snaplog-mobile */,
				9AAF397429DF0B78007D86EF /* snaplog-mobileTests */,
				9AAF397E29DF0B78007D86EF /* snaplog-mobileUITests */,
				9AAF395C29DF0B76007D86EF /* Products */,
			);
			sourceTree = "<group>";
		};
		9AAF395C29DF0B76007D86EF /* Products */ = {
			isa = PBXGroup;
			children = (
				9AAF395B29DF0B76007D86EF /* snaplog-mobile.app */,
				9AAF397129DF0B78007D86EF /* snaplog-mobileTests.xctest */,
				9AAF397B29DF0B78007D86EF /* snaplog-mobileUITests.xctest */,
			);
			name = Products;
			sourceTree = "<group>";
		};
		9AAF395D29DF0B76007D86EF /* snaplog-mobile */ = {
			isa = PBXGroup;
			children = (
				9AAF395E29DF0B76007D86EF /* snaplog_mobileApp.swift */,
				9AAF396029DF0B76007D86EF /* ContentView.swift */,
				9AAF396229DF0B78007D86EF /* Assets.xcassets */,
				9AAF396729DF0B78007D86EF /* Persistence.swift */,
				9AAF396C29DF0B78007D86EF /* Info.plist */,
				9AAF396929DF0B78007D86EF /* snaplog_mobile.xcdatamodeld */,
				9AAF396429DF0B78007D86EF /* Preview Content */,
			);
			path = "snaplog-mobile";
			sourceTree = "<group>";
		};
		9AAF396429DF0B78007D86EF /* Preview Content */ = {
			isa = PBXGroup;
			children = (
				9AAF396529DF0B78007D86EF /* Preview Assets.xcassets */,
			);
			path = "Preview Content";
			sourceTree = "<group>";
		};
		9AAF397429DF0B78007D86EF /* snaplog-mobileTests */ = {
			isa = PBXGroup;
			children = (
				9AAF397529DF0B78007D86EF /* snaplog_mobileTests.swift */,
			);
			path = "snaplog-mobileTests";
			sourceTree = "<group>";
		};
		9AAF397E29DF0B78007D86EF /* snaplog-mobileUITests */ = {
			isa = PBXGroup;
			children = (
				9AAF397F29DF0B78007D86EF /* snaplog_mobileUITests.swift */,
				9AAF398129DF0B78007D86EF /* snaplog_mobileUITestsLaunchTests.swift */,
			);
			path = "snaplog-mobileUITests";
			sourceTree = "<group>";
		};
/* End PBXGroup section */

/* Begin PBXNativeTarget section */
		9AAF395A29DF0B76007D86EF /* snaplog-mobile */ = {
			isa = PBXNativeTarget;
			buildConfigurationList = 9AAF398529DF0B78007D86EF /* Build configuration list for PBXNativeTarget "snaplog-mobile" */;
			buildPhases = (
				9AAF395729DF0B76007D86EF /* Sources */,
				9AAF395829DF0B76007D86EF /* Frameworks */,
				9AAF395929DF0B76007D86EF /* Resources */,
			);
			buildRules = (
			);
			dependencies = (
			);
			name = "snaplog-mobile";
			productName = "snaplog-mobile";
			productReference = 9AAF395B29DF0B76007D86EF /* snaplog-mobile.app */;
			productType = "com.apple.product-type.application";
		};
		9AAF397029DF0B78007D86EF /* snaplog-mobileTests */ = {
			isa = PBXNativeTarget;
			buildConfigurationList = 9AAF398829DF0B78007D86EF /* Build configuration list for PBXNativeTarget "snaplog-mobileTests" */;
			buildPhases = (
				9AAF396D29DF0B78007D86EF /* Sources */,
				9AAF396E29DF0B78007D86EF /* Frameworks */,
				9AAF396F29DF0B78007D86EF /* Resources */,
			);
			buildRules = (
			);
			dependencies = (
				9AAF397329DF0B78007D86EF /* PBXTargetDependency */,
			);
			name = "snaplog-mobileTests";
			productName = "snaplog-mobileTests";
			productReference = 9AAF397129DF0B78007D86EF /* snaplog-mobileTests.xctest */;
			productType = "com.apple.product-type.bundle.unit-test";
		};
		9AAF397A29DF0B78007D86EF /* snaplog-mobileUITests */ = {
			isa = PBXNativeTarget;
			buildConfigurationList = 9AAF398B29DF0B78007D86EF /* Build configuration list for PBXNativeTarget "snaplog-mobileUITests" */;
			buildPhases = (
				9AAF397729DF0B78007D86EF /* Sources */,
				9AAF397829DF0B78007D86EF /* Frameworks */,
				9AAF397929DF0B78007D86EF /* Resources */,
			);
			buildRules = (
			);
			dependencies = (
				9AAF397D29DF0B78007D86EF /* PBXTargetDependency */,
			);
			name = "snaplog-mobileUITests";
			productName = "snaplog-mobileUITests";
			productReference = 9AAF397B29DF0B78007D86EF /* snaplog-mobileUITests.xctest */;
			productType = "com.apple.product-type.bundle.ui-testing";
		};
/* End PBXNativeTarget section */

/* Begin PBXProject section */
		9AAF395329DF0B76007D86EF /* Project object */ = {
			isa = PBXProject;
			attributes = {
				BuildIndependentTargetsInParallel = 1;
				LastSwiftUpdateCheck = 1420;
				LastUpgradeCheck = 1420;
				TargetAttributes = {
					9AAF395A29DF0B76007D86EF = {
						CreatedOnToolsVersion = 14.2;
					};
					9AAF397029DF0B78007D86EF = {
						CreatedOnToolsVersion = 14.2;
						TestTargetID = 9AAF395A29DF0B76007D86EF;
					};
					9AAF397A29DF0B78007D86EF = {
						CreatedOnToolsVersion = 14.2;
						TestTargetID = 9AAF395A29DF0B76007D86EF;
					};
				};
			};
			buildConfigurationList = 9AAF395629DF0B76007D86EF /* Build configuration list for PBXProject "snaplog-mobile" */;
			compatibilityVersion = "Xcode 14.0";
			developmentRegion = en;
			hasScannedForEncodings = 0;
			knownRegions = (
				en,
				Base,
			);
			mainGroup = 9AAF395229DF0B76007D86EF;
			productRefGroup = 9AAF395C29DF0B76007D86EF /* Products */;
			projectDirPath = "";
			projectRoot = "";
			targets = (
				9AAF395A29DF0B76007D86EF /* snaplog-mobile */,
				9AAF397029DF0B78007D86EF /* snaplog-mobileTests */,
				9AAF397A29DF0B78007D86EF /* snaplog-mobileUITests */,
			);
		};
/* End PBXProject section */

/* Begin PBXResourcesBuildPhase section */
		9AAF395929DF0B76007D86EF /* Resources */ = {
			isa = PBXResourcesBuildPhase;
			buildActionMask = 2147483647;
			files = (
				9AAF396629DF0B78007D86EF /* Preview Assets.xcassets in Resources */,
				9AAF396329DF0B78007D86EF /* Assets.xcassets in Resources */,
			);
			runOnlyForDeploymentPostprocessing = 0;
		};
		9AAF396F29DF0B78007D86EF /* Resources */ = {
			isa = PBXResourcesBuildPhase;
			buildActionMask = 2147483647;
			files = (
			);
			runOnlyForDeploymentPostprocessing = 0;
		};
		9AAF397929DF0B78007D86EF /* Resources */ = {
			isa = PBXResourcesBuildPhase;
			buildActionMask = 2147483647;
			files = (
			);
			runOnlyForDeploymentPostprocessing = 0;
		};
/* End PBXResourcesBuildPhase section */

/* Begin PBXSourcesBuildPhase section */
		9AAF395729DF0B76007D86EF /* Sources */ = {
			isa = PBXSourcesBuildPhase;
			buildActionMask = 2147483647;
			files = (
				9AAF396829DF0B78007D86EF /* Persistence.swift in Sources */,
				9AAF396129DF0B76007D86EF /* ContentView.swift in Sources */,
				9AAF396B29DF0B78007D86EF /* snaplog_mobile.xcdatamodeld in Sources */,
				9AAF395F29DF0B76007D86EF /* snaplog_mobileApp.swift in Sources */,
			);
			runOnlyForDeploymentPostprocessing = 0;
		};
		9AAF396D29DF0B78007D86EF /* Sources */ = {
			isa = PBXSourcesBuildPhase;
			buildActionMask = 2147483647;
			files = (
				9AAF397629DF0B78007D86EF /* snaplog_mobileTests.swift in Sources */,
			);
			runOnlyForDeploymentPostprocessing = 0;
		};
		9AAF397729DF0B78007D86EF /* Sources */ = {
			isa = PBXSourcesBuildPhase;
			buildActionMask = 2147483647;
			files = (
				9AAF398029DF0B78007D86EF /* snaplog_mobileUITests.swift in Sources */,
				9AAF398229DF0B78007D86EF /* snaplog_mobileUITestsLaunchTests.swift in Sources */,
			);
			runOnlyForDeploymentPostprocessing = 0;
		};
/* End PBXSourcesBuildPhase section */

/* Begin PBXTargetDependency section */
		9AAF397329DF0B78007D86EF /* PBXTargetDependency */ = {
			isa = PBXTargetDependency;
			target = 9AAF395A29DF0B76007D86EF /* snaplog-mobile */;
			targetProxy = 9AAF397229DF0B78007D86EF /* PBXContainerItemProxy */;
		};
		9AAF397D29DF0B78007D86EF /* PBXTargetDependency */ = {
			isa = PBXTargetDependency;
			target = 9AAF395A29DF0B76007D86EF /* snaplog-mobile */;
			targetProxy = 9AAF397C29DF0B78007D86EF /* PBXContainerItemProxy */;
		};
/* End PBXTargetDependency section */

/* Begin XCBuildConfiguration section */
		9AAF398329DF0B78007D86EF /* Debug */ = {
			isa = XCBuildConfiguration;
			buildSettings = {
				ALWAYS_SEARCH_USER_PATHS = NO;
				CLANG_ANALYZER_NONNULL = YES;
				CLANG_ANALYZER_NUMBER_OBJECT_CONVERSION = YES_AGGRESSIVE;
				CLANG_CXX_LANGUAGE_STANDARD = "gnu++20";
				CLANG_ENABLE_MODULES = YES;
				CLANG_ENABLE_OBJC_ARC = YES;
				CLANG_ENABLE_OBJC_WEAK = YES;
				CLANG_WARN_BLOCK_CAPTURE_AUTORELEASING = YES;
				CLANG_WARN_BOOL_CONVERSION = YES;
				CLANG_WARN_COMMA = YES;
				CLANG_WARN_CONSTANT_CONVERSION = YES;
				CLANG_WARN_DEPRECATED_OBJC_IMPLEMENTATIONS = YES;
				CLANG_WARN_DIRECT_OBJC_ISA_USAGE = YES_ERROR;
				CLANG_WARN_DOCUMENTATION_COMMENTS = YES;
				CLANG_WARN_EMPTY_BODY = YES;
				CLANG_WARN_ENUM_CONVERSION = YES;
				CLANG_WARN_INFINITE_RECURSION = YES;
				CLANG_WARN_INT_CONVERSION = YES;
				CLANG_WARN_NON_LITERAL_NULL_CONVERSION = YES;
				CLANG_WARN_OBJC_IMPLICIT_RETAIN_SELF = YES;
				CLANG_WARN_OBJC_LITERAL_CONVERSION = YES;
				CLANG_WARN_OBJC_ROOT_CLASS = YES_ERROR;
				CLANG_WARN_QUOTED_INCLUDE_IN_FRAMEWORK_HEADER = YES;
				CLANG_WARN_RANGE_LOOP_ANALYSIS = YES;
				CLANG_WARN_STRICT_PROTOTYPES = YES;
				CLANG_WARN_SUSPICIOUS_MOVE = YES;
				CLANG_WARN_UNGUARDED_AVAILABILITY = YES_AGGRESSIVE;
				CLANG_WARN_UNREACHABLE_CODE = YES;
				CLANG_WARN__DUPLICATE_METHOD_MATCH = YES;
				COPY_PHASE_STRIP = NO;
				DEBUG_INFORMATION_FORMAT = dwarf;
				ENABLE_STRICT_OBJC_MSGSEND = YES;
				ENABLE_TESTABILITY = YES;
				GCC_C_LANGUAGE_STANDARD = gnu11;
				GCC_DYNAMIC_NO_PIC = NO;
				GCC_NO_COMMON_BLOCKS = YES;
				GCC_OPTIMIZATION_LEVEL = 0;
				GCC_PREPROCESSOR_DEFINITIONS = (
					"DEBUG=1",
					"$(inherited)",
				);
				GCC_WARN_64_TO_32_BIT_CONVERSION = YES;
				GCC_WARN_ABOUT_RETURN_TYPE = YES_ERROR;
				GCC_WARN_UNDECLARED_SELECTOR = YES;
				GCC_WARN_UNINITIALIZED_AUTOS = YES_AGGRESSIVE;
				GCC_WARN_UNUSED_FUNCTION = YES;
				GCC_WARN_UNUSED_VARIABLE = YES;
				IPHONEOS_DEPLOYMENT_TARGET = 16.2;
				MTL_ENABLE_DEBUG_INFO = INCLUDE_SOURCE;
				MTL_FAST_MATH = YES;
				ONLY_ACTIVE_ARCH = YES;
				SDKROOT = iphoneos;
				SWIFT_ACTIVE_COMPILATION_CONDITIONS = DEBUG;
				SWIFT_OPTIMIZATION_LEVEL = "-Onone";
			};
			name = Debug;
		};
		9AAF398429DF0B78007D86EF /* Release */ = {
			isa = XCBuildConfiguration;
			buildSettings = {
				ALWAYS_SEARCH_USER_PATHS = NO;
				CLANG_ANALYZER_NONNULL = YES;
				CLANG_ANALYZER_NUMBER_OBJECT_CONVERSION = YES_AGGRESSIVE;
				CLANG_CXX_LANGUAGE_STANDARD = "gnu++20";
				CLANG_ENABLE_MODULES = YES;
				CLANG_ENABLE_OBJC_ARC = YES;
				CLANG_ENABLE_OBJC_WEAK = YES;
				CLANG_WARN_BLOCK_CAPTURE_AUTORELEASING = YES;
				CLANG_WARN_BOOL_CONVERSION = YES;
				CLANG_WARN_COMMA = YES;
				CLANG_WARN_CONSTANT_CONVERSION = YES;
				CLANG_WARN_DEPRECATED_OBJC_IMPLEMENTATIONS = YES;
				CLANG_WARN_DIRECT_OBJC_ISA_USAGE = YES_ERROR;
				CLANG_WARN_DOCUMENTATION_COMMENTS = YES;
				CLANG_WARN_EMPTY_BODY = YES;
				CLANG_WARN_ENUM_CONVERSION = YES;
				CLANG_WARN_INFINITE_RECURSION = YES;
				CLANG_WARN_INT_CONVERSION = YES;
				CLANG_WARN_NON_LITERAL_NULL_CONVERSION = YES;
				CLANG_WARN_OBJC_IMPLICIT_RETAIN_SELF = YES;
				CLANG_WARN_OBJC_LITERAL_CONVERSION = YES;
				CLANG_WARN_OBJC_ROOT_CLASS = YES_ERROR;
				CLANG_WARN_QUOTED_INCLUDE_IN_FRAMEWORK_HEADER = YES;
				CLANG_WARN_RANGE_LOOP_ANALYSIS = YES;
				CLANG_WARN_STRICT_PROTOTYPES = YES;
				CLANG_WARN_SUSPICIOUS_MOVE = YES;
				CLANG_WARN_UNGUARDED_AVAILABILITY = YES_AGGRESSIVE;
				CLANG_WARN_UNREACHABLE_CODE = YES;
				CLANG_WARN__DUPLICATE_METHOD_MATCH = YES;
				COPY_PHASE_STRIP = NO;
				DEBUG_INFORMATION_FORMAT = "dwarf-with-dsym";
				ENABLE_NS_ASSERTIONS = NO;
				ENABLE_STRICT_OBJC_MSGSEND = YES;
				GCC_C_LANGUAGE_STANDARD = gnu11;
				GCC_NO_COMMON_BLOCKS = YES;
				GCC_WARN_64_TO_32_BIT_CONVERSION = YES;
				GCC_WARN_ABOUT_RETURN_TYPE = YES_ERROR;
				GCC_WARN_UNDECLARED_SELECTOR = YES;
				GCC_WARN_UNINITIALIZED_AUTOS = YES_AGGRESSIVE;
				GCC_WARN_UNUSED_FUNCTION = YES;
				GCC_WARN_UNUSED_VARIABLE = YES;
				IPHONEOS_DEPLOYMENT_TARGET = 16.2;
				MTL_ENABLE_DEBUG_INFO = NO;
				MTL_FAST_MATH = YES;
				SDKROOT = iphoneos;
				SWIFT_COMPILATION_MODE = wholemodule;
				SWIFT_OPTIMIZATION_LEVEL = "-O";
				VALIDATE_PRODUCT = YES;
			};
			name = Release;
		};
		9AAF398629DF0B78007D86EF /* Debug */ = {
			isa = XCBuildConfiguration;
			buildSettings = {
				ASSETCATALOG_COMPILER_APPICON_NAME = AppIcon;
				ASSETCATALOG_COMPILER_GLOBAL_ACCENT_COLOR_NAME = AccentColor;
				CODE_SIGN_STYLE = Automatic;
				CURRENT_PROJECT_VERSION = 1;
				DEVELOPMENT_ASSET_PATHS = "\"snaplog-mobile/Preview Content\"";
				ENABLE_PREVIEWS = YES;
				GENERATE_INFOPLIST_FILE = YES;
				INFOPLIST_KEY_UIApplicationSceneManifest_Generation = YES;
				INFOPLIST_KEY_UIApplicationSupportsIndirectInputEvents = YES;
				INFOPLIST_KEY_UILaunchScreen_Generation = YES;
				INFOPLIST_KEY_UISupportedInterfaceOrientations_iPad = "UIInterfaceOrientationPortrait UIInterfaceOrientationPortraitUpsideDown UIInterfaceOrientationLandscapeLeft UIInterfaceOrientationLandscapeRight";
				INFOPLIST_KEY_UISupportedInterfaceOrientations_iPhone = "UIInterfaceOrientationPortrait UIInterfaceOrientationLandscapeLeft UIInterfaceOrientationLandscapeRight";
				LD_RUNPATH_SEARCH_PATHS = (
					"$(inherited)",
					"@executable_path/Frameworks",
				);
				MARKETING_VERSION = 1.0;
				PRODUCT_BUNDLE_IDENTIFIER = "snaplog.snaplog-mobile";
				PRODUCT_NAME = "$(TARGET_NAME)";
				SWIFT_EMIT_LOC_STRINGS = YES;
				SWIFT_VERSION = 5.0;
				TARGETED_DEVICE_FAMILY = "1,2";
			};
			name = Debug;
		};
		9AAF398729DF0B78007D86EF /* Release */ = {
			isa = XCBuildConfiguration;
			buildSettings = {
				ASSETCATALOG_COMPILER_APPICON_NAME = AppIcon;
				ASSETCATALOG_COMPILER_GLOBAL_ACCENT_COLOR_NAME = AccentColor;
				CODE_SIGN_STYLE = Automatic;
				CURRENT_PROJECT_VERSION = 1;
				DEVELOPMENT_ASSET_PATHS = "\"snaplog-mobile/Preview Content\"";
				ENABLE_PREVIEWS = YES;
				GENERATE_INFOPLIST_FILE = YES;
				INFOPLIST_KEY_UIApplicationSceneManifest_Generation = YES;
				INFOPLIST_KEY_UIApplicationSupportsIndirectInputEvents = YES;
				INFOPLIST_KEY_UILaunchScreen_Generation = YES;
				INFOPLIST_KEY_UISupportedInterfaceOrientations_iPad = "UIInterfaceOrientationPortrait UIInterfaceOrientationPortraitUpsideDown UIInterfaceOrientationLandscapeLeft UIInterfaceOrientationLandscapeRight";
				INFOPLIST_KEY_UISupportedInterfaceOrientations_iPhone = "UIInterfaceOrientationPortrait UIInterfaceOrientationLandscapeLeft UIInterfaceOrientationLandscapeRight";
				LD_RUNPATH_SEARCH_PATHS = (
					"$(inherited)",
					"@executable_path/Frameworks",
				);
				MARKETING_VERSION = 1.0;
				PRODUCT_BUNDLE_IDENTIFIER = "snaplog.snaplog-mobile";
				PRODUCT_NAME = "$(TARGET_NAME)";
				SWIFT_EMIT_LOC_STRINGS = YES;
				SWIFT_VERSION = 5.0;
				TARGETED_DEVICE_FAMILY = "1,2";
			};
			name = Release;
		};
		9AAF398929DF0B78007D86EF /* Debug */ = {
			isa = XCBuildConfiguration;
			buildSettings = {
				ALWAYS_EMBED_SWIFT_STANDARD_LIBRARIES = YES;
				BUNDLE_LOADER = "$(TEST_HOST)";
				CODE_SIGN_STYLE = Automatic;
				CURRENT_PROJECT_VERSION = 1;
				GENERATE_INFOPLIST_FILE = YES;
				IPHONEOS_DEPLOYMENT_TARGET = 16.2;
				MARKETING_VERSION = 1.0;
				PRODUCT_BUNDLE_IDENTIFIER = "snaplog.snaplog-mobileTests";
				PRODUCT_NAME = "$(TARGET_NAME)";
				SWIFT_EMIT_LOC_STRINGS = NO;
				SWIFT_VERSION = 5.0;
				TARGETED_DEVICE_FAMILY = "1,2";
				TEST_HOST = "$(BUILT_PRODUCTS_DIR)/snaplog-mobile.app/$(BUNDLE_EXECUTABLE_FOLDER_PATH)/snaplog-mobile";
			};
			name = Debug;
		};
		9AAF398A29DF0B78007D86EF /* Release */ = {
			isa = XCBuildConfiguration;
			buildSettings = {
				ALWAYS_EMBED_SWIFT_STANDARD_LIBRARIES = YES;
				BUNDLE_LOADER = "$(TEST_HOST)";
				CODE_SIGN_STYLE = Automatic;
				CURRENT_PROJECT_VERSION = 1;
				GENERATE_INFOPLIST_FILE = YES;
				IPHONEOS_DEPLOYMENT_TARGET = 16.2;
				MARKETING_VERSION = 1.0;
				PRODUCT_BUNDLE_IDENTIFIER = "snaplog.snaplog-mobileTests";
				PRODUCT_NAME = "$(TARGET_NAME)";
				SWIFT_EMIT_LOC_STRINGS = NO;
				SWIFT_VERSION = 5.0;
				TARGETED_DEVICE_FAMILY = "1,2";
				TEST_HOST = "$(BUILT_PRODUCTS_DIR)/snaplog-mobile.app/$(BUNDLE_EXECUTABLE_FOLDER_PATH)/snaplog-mobile";
			};
			name = Release;
		};
		9AAF398C29DF0B78007D86EF /* Debug */ = {
			isa = XCBuildConfiguration;
			buildSettings = {
				ALWAYS_EMBED_SWIFT_STANDARD_LIBRARIES = YES;
				CODE_SIGN_STYLE = Automatic;
				CURRENT_PROJECT_VERSION = 1;
				GENERATE_INFOPLIST_FILE = YES;
				MARKETING_VERSION = 1.0;
				PRODUCT_BUNDLE_IDENTIFIER = "snaplog.snaplog-mobileUITests";
				PRODUCT_NAME = "$(TARGET_NAME)";
				SWIFT_EMIT_LOC_STRINGS = NO;
				SWIFT_VERSION = 5.0;
				TARGETED_DEVICE_FAMILY = "1,2";
				TEST_TARGET_NAME = "snaplog-mobile";
			};
			name = Debug;
		};
		9AAF398D29DF0B78007D86EF /* Release */ = {
			isa = XCBuildConfiguration;
			buildSettings = {
				ALWAYS_EMBED_SWIFT_STANDARD_LIBRARIES = YES;
				CODE_SIGN_STYLE = Automatic;
				CURRENT_PROJECT_VERSION = 1;
				GENERATE_INFOPLIST_FILE = YES;
				MARKETING_VERSION = 1.0;
				PRODUCT_BUNDLE_IDENTIFIER = "snaplog.snaplog-mobileUITests";
				PRODUCT_NAME = "$(TARGET_NAME)";
				SWIFT_EMIT_LOC_STRINGS = NO;
				SWIFT_VERSION = 5.0;
				TARGETED_DEVICE_FAMILY = "1,2";
				TEST_TARGET_NAME = "snaplog-mobile";
			};
			name = Release;
		};
/* End XCBuildConfiguration section */

/* Begin XCConfigurationList section */
		9AAF395629DF0B76007D86EF /* Build configuration list for PBXProject "snaplog-mobile" */ = {
			isa = XCConfigurationList;
			buildConfigurations = (
				9AAF398329DF0B78007D86EF /* Debug */,
				9AAF398429DF0B78007D86EF /* Release */,
			);
			defaultConfigurationIsVisible = 0;
			defaultConfigurationName = Release;
		};
		9AAF398529DF0B78007D86EF /* Build configuration list for PBXNativeTarget "snaplog-mobile" */ = {
			isa = XCConfigurationList;
			buildConfigurations = (
				9AAF398629DF0B78007D86EF /* Debug */,
				9AAF398729DF0B78007D86EF /* Release */,
			);
			defaultConfigurationIsVisible = 0;
			defaultConfigurationName = Release;
		};
		9AAF398829DF0B78007D86EF /* Build configuration list for PBXNativeTarget "snaplog-mobileTests" */ = {
			isa = XCConfigurationList;
			buildConfigurations = (
				9AAF398929DF0B78007D86EF /* Debug */,
				9AAF398A29DF0B78007D86EF /* Release */,
			);
			defaultConfigurationIsVisible = 0;
			defaultConfigurationName = Release;
		};
		9AAF398B29DF0B78007D86EF /* Build configuration list for PBXNativeTarget "snaplog-mobileUITests" */ = {
			isa = XCConfigurationList;
			buildConfigurations = (
				9AAF398C29DF0B78007D86EF /* Debug */,
				9AAF398D29DF0B78007D86EF /* Release */,
			);
			defaultConfigurationIsVisible = 0;
			defaultConfigurationName = Release;
		};
/* End XCConfigurationList section */

/* Begin XCVersionGroup section */
		9AAF396929DF0B78007D86EF /* snaplog_mobile.xcdatamodeld */ = {
			isa = XCVersionGroup;
			children = (
				9AAF396A29DF0B78007D86EF /* snaplog_mobile.xcdatamodel */,
			);
			currentVersion = 9AAF396A29DF0B78007D86EF /* snaplog_mobile.xcdatamodel */;
			path = snaplog_mobile.xcdatamodeld;
			sourceTree = "<group>";
			versionGroupType = wrapper.xcdatamodel;
		};
/* End XCVersionGroup section */
	};
	rootObject = 9AAF395329DF0B76007D86EF /* Project object */;
}
